
Microsoft Visual Studio Solution File, Format Version 12.00
Project("{FAE04EC0-301F-11D3-BF4B-00C04F79EFBC}") = "AdventOfCode2022", "AdventOfCode2022\AdventOfCode2022.csproj", "{E283CA43-9100-4650-9F8F-847448870FE1}"
EndProject
Global
	GlobalSection(SolutionConfigurationPlatforms) = preSolution
		Debug|Any CPU = Debug|Any CPU
		Release|Any CPU = Release|Any CPU
	EndGlobalSection
	GlobalSection(ProjectConfigurationPlatforms) = postSolution
		{E283CA43-9100-4650-9F8F-847448870FE1}.Debug|Any CPU.ActiveCfg = Debug|Any CPU
		{E283CA43-9100-4650-9F8F-847448870FE1}.Debug|Any CPU.Build.0 = Debug|Any CPU
		{E283CA43-9100-4650-9F8F-847448870FE1}.Release|Any CPU.ActiveCfg = Release|Any CPU
		{E283CA43-9100-4650-9F8F-847448870FE1}.Release|Any CPU.Build.0 = Release|Any CPU
	EndGlobalSection
EndGlobal
